
Microsoft Visual Studio Solution File, Format Version 12.00
# Visual Studio Version 16
VisualStudioVersion = 16.0.30413.136
MinimumVisualStudioVersion = 10.0.40219.1
Project("{FAE04EC0-301F-11D3-BF4B-00C04F79EFBC}") = "CapaPresentacion", "Presentacion\CapaPresentacion.csproj", "{5B9A72B3-9AAB-4FD9-B05F-5D73845B911A}"
EndProject
Project("{FAE04EC0-301F-11D3-BF4B-00C04F79EFBC}") = "CapaNegocio", "CapaNegocio\CapaNegocio.csproj", "{068756E1-C6E3-40F1-9930-49782E2A1D3F}"
EndProject
Project("{FAE04EC0-301F-11D3-BF4B-00C04F79EFBC}") = "CapaDatos", "CapaDatos\CapaDatos.csproj", "{70CDF7E1-3612-498C-81D8-C09BD7381F21}"
EndProject
Project("{FAE04EC0-301F-11D3-BF4B-00C04F79EFBC}") = "Entidades", "Entidades\Entidades.csproj", "{1348FD89-482E-4B06-940C-BA804B9837B4}"
EndProject
Global
	GlobalSection(SolutionConfigurationPlatforms) = preSolution
		Debug|Any CPU = Debug|Any CPU
		Release|Any CPU = Release|Any CPU
	EndGlobalSection
	GlobalSection(ProjectConfigurationPlatforms) = postSolution
		{5B9A72B3-9AAB-4FD9-B05F-5D73845B911A}.Debug|Any CPU.ActiveCfg = Debug|Any CPU
		{5B9A72B3-9AAB-4FD9-B05F-5D73845B911A}.Debug|Any CPU.Build.0 = Debug|Any CPU
		{5B9A72B3-9AAB-4FD9-B05F-5D73845B911A}.Release|Any CPU.ActiveCfg = Release|Any CPU
		{5B9A72B3-9AAB-4FD9-B05F-5D73845B911A}.Release|Any CPU.Build.0 = Release|Any CPU
		{068756E1-C6E3-40F1-9930-49782E2A1D3F}.Debug|Any CPU.ActiveCfg = Debug|Any CPU
		{068756E1-C6E3-40F1-9930-49782E2A1D3F}.Debug|Any CPU.Build.0 = Debug|Any CPU
		{068756E1-C6E3-40F1-9930-49782E2A1D3F}.Release|Any CPU.ActiveCfg = Release|Any CPU
		{068756E1-C6E3-40F1-9930-49782E2A1D3F}.Release|Any CPU.Build.0 = Release|Any CPU
		{70CDF7E1-3612-498C-81D8-C09BD7381F21}.Debug|Any CPU.ActiveCfg = Debug|Any CPU
		{70CDF7E1-3612-498C-81D8-C09BD7381F21}.Debug|Any CPU.Build.0 = Debug|Any CPU
		{70CDF7E1-3612-498C-81D8-C09BD7381F21}.Release|Any CPU.ActiveCfg = Release|Any CPU
		{70CDF7E1-3612-498C-81D8-C09BD7381F21}.Release|Any CPU.Build.0 = Release|Any CPU
		{1348FD89-482E-4B06-940C-BA804B9837B4}.Debug|Any CPU.ActiveCfg = Debug|Any CPU
		{1348FD89-482E-4B06-940C-BA804B9837B4}.Debug|Any CPU.Build.0 = Debug|Any CPU
		{1348FD89-482E-4B06-940C-BA804B9837B4}.Release|Any CPU.ActiveCfg = Release|Any CPU
		{1348FD89-482E-4B06-940C-BA804B9837B4}.Release|Any CPU.Build.0 = Release|Any CPU
	EndGlobalSection
	GlobalSection(SolutionProperties) = preSolution
		HideSolutionNode = FALSE
	EndGlobalSection
	GlobalSection(ExtensibilityGlobals) = postSolution
		SolutionGuid = {686B541D-8934-4952-AF85-87F1010A4C82}
	EndGlobalSection
EndGlobal
